
Microsoft Visual Studio Solution File, Format Version 12.00
# Visual Studio Version 17
VisualStudioVersion = 17.2.32616.157
MinimumVisualStudioVersion = 10.0.40219.1
Project("{FAE04EC0-301F-11D3-BF4B-00C04F79EFBC}") = "SwiftUserManagement", "SwiftUserManagement.csproj", "{7E331A5F-32E7-4406-BD38-BAF004BD9A27}"
EndProject
Project("{2150E333-8FDC-42A3-9474-1A3956D46DE8}") = "src", "src", "{8A8EE83E-76C8-4C24-A76D-C026D112357A}"
EndProject
Global
	GlobalSection(SolutionConfigurationPlatforms) = preSolution
		Debug|Any CPU = Debug|Any CPU
		Release|Any CPU = Release|Any CPU
	EndGlobalSection
	GlobalSection(ProjectConfigurationPlatforms) = postSolution
		{7E331A5F-32E7-4406-BD38-BAF004BD9A27}.Debug|Any CPU.ActiveCfg = Debug|Any CPU
		{7E331A5F-32E7-4406-BD38-BAF004BD9A27}.Debug|Any CPU.Build.0 = Debug|Any CPU
		{7E331A5F-32E7-4406-BD38-BAF004BD9A27}.Release|Any CPU.ActiveCfg = Release|Any CPU
		{7E331A5F-32E7-4406-BD38-BAF004BD9A27}.Release|Any CPU.Build.0 = Release|Any CPU
	EndGlobalSection
	GlobalSection(SolutionProperties) = preSolution
		HideSolutionNode = FALSE
	EndGlobalSection
	GlobalSection(NestedProjects) = preSolution
		{7E331A5F-32E7-4406-BD38-BAF004BD9A27} = {8A8EE83E-76C8-4C24-A76D-C026D112357A}
	EndGlobalSection
	GlobalSection(ExtensibilityGlobals) = postSolution
		SolutionGuid = {3D8BC0A0-B964-43D6-B3A3-A78C758EAB27}
	EndGlobalSection
EndGlobal
